Microsoft Visual Studio Solution File, Format Version 12.00
# Visual Studio Version 17
VisualStudioVersion = 17.5.2.0
MinimumVisualStudioVersion = 10.0.40219.1
Project("{FAE04EC0-301F-11D3-BF4B-00C04F79EFBC}") = "LocalDataApi", "LocalDataApi.csproj", "{F81538E8-5742-8854-4EA4-AA3381C8F47B}"
EndProject
Global
	GlobalSection(SolutionConfigurationPlatforms) = preSolution
		Debug|Any CPU = Debug|Any CPU
		Release|Any CPU = Release|Any CPU
	EndGlobalSection
	GlobalSection(ProjectConfigurationPlatforms) = postSolution
		{F81538E8-5742-8854-4EA4-AA3381C8F47B}.Debug|Any CPU.ActiveCfg = Debug|Any CPU
		{F81538E8-5742-8854-4EA4-AA3381C8F47B}.Debug|Any CPU.Build.0 = Debug|Any CPU
		{F81538E8-5742-8854-4EA4-AA3381C8F47B}.Release|Any CPU.ActiveCfg = Release|Any CPU
		{F81538E8-5742-8854-4EA4-AA3381C8F47B}.Release|Any CPU.Build.0 = Release|Any CPU
	EndGlobalSection
	GlobalSection(SolutionProperties) = preSolution
		HideSolutionNode = FALSE
	EndGlobalSection
	GlobalSection(ExtensibilityGlobals) = postSolution
		SolutionGuid = {591F0060-AEDE-4655-85BF-A4B7F966D34D}
	EndGlobalSection
EndGlobal
